
Microsoft Visual Studio Solution File, Format Version 12.00
# Visual Studio Version 17
VisualStudioVersion = 17.3.32825.248
MinimumVisualStudioVersion = 10.0.40219.1
Project("{FAE04EC0-301F-11D3-BF4B-00C04F79EFBC}") = "Algoritmu_uzduotis", "Algoritmu_uzduotis.csproj", "{C476251A-C0AC-4192-AB68-D315A308D3AF}"
EndProject
Global
	GlobalSection(SolutionConfigurationPlatforms) = preSolution
		Debug|Any CPU = Debug|Any CPU
		Release|Any CPU = Release|Any CPU
	EndGlobalSection
	GlobalSection(ProjectConfigurationPlatforms) = postSolution
		{C476251A-C0AC-4192-AB68-D315A308D3AF}.Debug|Any CPU.ActiveCfg = Debug|Any CPU
		{C476251A-C0AC-4192-AB68-D315A308D3AF}.Debug|Any CPU.Build.0 = Debug|Any CPU
		{C476251A-C0AC-4192-AB68-D315A308D3AF}.Release|Any CPU.ActiveCfg = Release|Any CPU
		{C476251A-C0AC-4192-AB68-D315A308D3AF}.Release|Any CPU.Build.0 = Release|Any CPU
	EndGlobalSection
	GlobalSection(SolutionProperties) = preSolution
		HideSolutionNode = FALSE
	EndGlobalSection
	GlobalSection(ExtensibilityGlobals) = postSolution
		SolutionGuid = {BE38D422-E29B-4A19-A431-D8B2539E10E5}
	EndGlobalSection
EndGlobal
